
Microsoft Visual Studio Solution File, Format Version 12.00
# Visual Studio 15
VisualStudioVersion = 15.0.28307.757
MinimumVisualStudioVersion = 10.0.40219.1
Project("{8BC9CEB8-8B4A-11D0-8D11-00A0C91BC942}") = "TD2.0", "TD2.0\TD2.0.vcxproj", "{CC264437-DFB6-43C9-B020-70EAFBD33F59}"
EndProject
Global
	GlobalSection(SolutionConfigurationPlatforms) = preSolution
		Debug|x64 = Debug|x64
		Debug|x86 = Debug|x86
		Release|x64 = Release|x64
		Release|x86 = Release|x86
	EndGlobalSection
	GlobalSection(ProjectConfigurationPlatforms) = postSolution
		{CC264437-DFB6-43C9-B020-70EAFBD33F59}.Debug|x64.ActiveCfg = Debug|x64
		{CC264437-DFB6-43C9-B020-70EAFBD33F59}.Debug|x64.Build.0 = Debug|x64
		{CC264437-DFB6-43C9-B020-70EAFBD33F59}.Debug|x86.ActiveCfg = Debug|Win32
		{CC264437-DFB6-43C9-B020-70EAFBD33F59}.Debug|x86.Build.0 = Debug|Win32
		{CC264437-DFB6-43C9-B020-70EAFBD33F59}.Release|x64.ActiveCfg = Release|x64
		{CC264437-DFB6-43C9-B020-70EAFBD33F59}.Release|x64.Build.0 = Release|x64
		{CC264437-DFB6-43C9-B020-70EAFBD33F59}.Release|x86.ActiveCfg = Release|Win32
		{CC264437-DFB6-43C9-B020-70EAFBD33F59}.Release|x86.Build.0 = Release|Win32
	EndGlobalSection
	GlobalSection(SolutionProperties) = preSolution
		HideSolutionNode = FALSE
	EndGlobalSection
	GlobalSection(ExtensibilityGlobals) = postSolution
		SolutionGuid = {5AA81709-EC18-4D01-A5AC-034EFFB2640B}
	EndGlobalSection
EndGlobal
